
Microsoft Visual Studio Solution File, Format Version 12.00
# Visual Studio Version 17
VisualStudioVersion = 17.8.34511.84
MinimumVisualStudioVersion = 10.0.40219.1
Project("{9A19103F-16F7-4668-BE54-9A1E7A4F7556}") = "Foody.EntityLayer", "Foody.EntityLayer\Foody.EntityLayer.csproj", "{CA5D8AF5-07EB-4CCF-B4EF-1A198D432220}"
EndProject
Project("{9A19103F-16F7-4668-BE54-9A1E7A4F7556}") = "Foody.DataAccessLayer", "Foody.DataAccessLayer\Foody.DataAccessLayer.csproj", "{A7CC10D9-0CC6-405F-9ACA-268D48B94148}"
EndProject
Project("{FAE04EC0-301F-11D3-BF4B-00C04F79EFBC}") = "Foody.BusinessLayer", "Foody.BusinessLayer\Foody.BusinessLayer.csproj", "{E0AF680B-DDFC-4F5F-A086-6357B5E434F8}"
EndProject
Project("{FAE04EC0-301F-11D3-BF4B-00C04F79EFBC}") = "Foody.PresantationLayer", "Foody.PresantationLayer\Foody.PresantationLayer.csproj", "{29972770-8F9E-4D84-92C7-F97078707D23}"
EndProject
Global
	GlobalSection(SolutionConfigurationPlatforms) = preSolution
		Debug|Any CPU = Debug|Any CPU
		Release|Any CPU = Release|Any CPU
	EndGlobalSection
	GlobalSection(ProjectConfigurationPlatforms) = postSolution
		{CA5D8AF5-07EB-4CCF-B4EF-1A198D432220}.Debug|Any CPU.ActiveCfg = Debug|Any CPU
		{CA5D8AF5-07EB-4CCF-B4EF-1A198D432220}.Debug|Any CPU.Build.0 = Debug|Any CPU
		{CA5D8AF5-07EB-4CCF-B4EF-1A198D432220}.Release|Any CPU.ActiveCfg = Release|Any CPU
		{CA5D8AF5-07EB-4CCF-B4EF-1A198D432220}.Release|Any CPU.Build.0 = Release|Any CPU
		{A7CC10D9-0CC6-405F-9ACA-268D48B94148}.Debug|Any CPU.ActiveCfg = Debug|Any CPU
		{A7CC10D9-0CC6-405F-9ACA-268D48B94148}.Debug|Any CPU.Build.0 = Debug|Any CPU
		{A7CC10D9-0CC6-405F-9ACA-268D48B94148}.Release|Any CPU.ActiveCfg = Release|Any CPU
		{A7CC10D9-0CC6-405F-9ACA-268D48B94148}.Release|Any CPU.Build.0 = Release|Any CPU
		{E0AF680B-DDFC-4F5F-A086-6357B5E434F8}.Debug|Any CPU.ActiveCfg = Debug|Any CPU
		{E0AF680B-DDFC-4F5F-A086-6357B5E434F8}.Debug|Any CPU.Build.0 = Debug|Any CPU
		{E0AF680B-DDFC-4F5F-A086-6357B5E434F8}.Release|Any CPU.ActiveCfg = Release|Any CPU
		{E0AF680B-DDFC-4F5F-A086-6357B5E434F8}.Release|Any CPU.Build.0 = Release|Any CPU
		{29972770-8F9E-4D84-92C7-F97078707D23}.Debug|Any CPU.ActiveCfg = Debug|Any CPU
		{29972770-8F9E-4D84-92C7-F97078707D23}.Debug|Any CPU.Build.0 = Debug|Any CPU
		{29972770-8F9E-4D84-92C7-F97078707D23}.Release|Any CPU.ActiveCfg = Release|Any CPU
		{29972770-8F9E-4D84-92C7-F97078707D23}.Release|Any CPU.Build.0 = Release|Any CPU
	EndGlobalSection
	GlobalSection(SolutionProperties) = preSolution
		HideSolutionNode = FALSE
	EndGlobalSection
	GlobalSection(ExtensibilityGlobals) = postSolution
		SolutionGuid = {43AE912A-9D87-416D-9B31-03224EDFD916}
	EndGlobalSection
EndGlobal
